
Microsoft Visual Studio Solution File, Format Version 12.00
# Visual Studio Version 16
VisualStudioVersion = 16.0.810.23
MinimumVisualStudioVersion = 10.0.40219.1
Project("{FAE04EC0-301F-11D3-BF4B-00C04F79EFBC}") = "TravelRecordApp.Android", "TravelRecordApp.Android\TravelRecordApp.Android.csproj", "{276BCCCA-BE72-4EF7-9995-024E072E7271}"
EndProject
Project("{FAE04EC0-301F-11D3-BF4B-00C04F79EFBC}") = "TravelRecordApp.iOS", "TravelRecordApp.iOS\TravelRecordApp.iOS.csproj", "{109242DE-6235-49DC-B8DA-CC758B9B4904}"
EndProject
Project("{FAE04EC0-301F-11D3-BF4B-00C04F79EFBC}") = "TravelRecordApp", "TravelRecordApp\TravelRecordApp.csproj", "{A2A75088-625F-45BA-B72E-CB33E46190E0}"
EndProject
Global
	GlobalSection(SolutionConfigurationPlatforms) = preSolution
		Debug|Any CPU = Debug|Any CPU
		Release|Any CPU = Release|Any CPU
		Debug|iPhoneSimulator = Debug|iPhoneSimulator
		Release|iPhoneSimulator = Release|iPhoneSimulator
		Debug|iPhone = Debug|iPhone
		Release|iPhone = Release|iPhone
	EndGlobalSection
	GlobalSection(ProjectConfigurationPlatforms) = postSolution
		{276BCCCA-BE72-4EF7-9995-024E072E7271}.Debug|Any CPU.ActiveCfg = Debug|Any CPU
		{276BCCCA-BE72-4EF7-9995-024E072E7271}.Debug|Any CPU.Build.0 = Debug|Any CPU
		{276BCCCA-BE72-4EF7-9995-024E072E7271}.Release|Any CPU.ActiveCfg = Release|Any CPU
		{276BCCCA-BE72-4EF7-9995-024E072E7271}.Release|Any CPU.Build.0 = Release|Any CPU
		{276BCCCA-BE72-4EF7-9995-024E072E7271}.Debug|iPhoneSimulator.ActiveCfg = Debug|Any CPU
		{276BCCCA-BE72-4EF7-9995-024E072E7271}.Debug|iPhoneSimulator.Build.0 = Debug|Any CPU
		{276BCCCA-BE72-4EF7-9995-024E072E7271}.Release|iPhoneSimulator.ActiveCfg = Release|Any CPU
		{276BCCCA-BE72-4EF7-9995-024E072E7271}.Release|iPhoneSimulator.Build.0 = Release|Any CPU
		{276BCCCA-BE72-4EF7-9995-024E072E7271}.Debug|iPhone.ActiveCfg = Debug|Any CPU
		{276BCCCA-BE72-4EF7-9995-024E072E7271}.Debug|iPhone.Build.0 = Debug|Any CPU
		{276BCCCA-BE72-4EF7-9995-024E072E7271}.Release|iPhone.ActiveCfg = Release|Any CPU
		{276BCCCA-BE72-4EF7-9995-024E072E7271}.Release|iPhone.Build.0 = Release|Any CPU
		{109242DE-6235-49DC-B8DA-CC758B9B4904}.Debug|Any CPU.ActiveCfg = Debug|iPhoneSimulator
		{109242DE-6235-49DC-B8DA-CC758B9B4904}.Debug|Any CPU.Build.0 = Debug|iPhoneSimulator
		{109242DE-6235-49DC-B8DA-CC758B9B4904}.Release|Any CPU.ActiveCfg = Release|iPhoneSimulator
		{109242DE-6235-49DC-B8DA-CC758B9B4904}.Release|Any CPU.Build.0 = Release|iPhoneSimulator
		{109242DE-6235-49DC-B8DA-CC758B9B4904}.Debug|iPhoneSimulator.ActiveCfg = Debug|iPhoneSimulator
		{109242DE-6235-49DC-B8DA-CC758B9B4904}.Debug|iPhoneSimulator.Build.0 = Debug|iPhoneSimulator
		{109242DE-6235-49DC-B8DA-CC758B9B4904}.Release|iPhoneSimulator.ActiveCfg = Release|iPhoneSimulator
		{109242DE-6235-49DC-B8DA-CC758B9B4904}.Release|iPhoneSimulator.Build.0 = Release|iPhoneSimulator
		{109242DE-6235-49DC-B8DA-CC758B9B4904}.Debug|iPhone.ActiveCfg = Debug|iPhone
		{109242DE-6235-49DC-B8DA-CC758B9B4904}.Debug|iPhone.Build.0 = Debug|iPhone
		{109242DE-6235-49DC-B8DA-CC758B9B4904}.Release|iPhone.ActiveCfg = Release|iPhone
		{109242DE-6235-49DC-B8DA-CC758B9B4904}.Release|iPhone.Build.0 = Release|iPhone
		{A2A75088-625F-45BA-B72E-CB33E46190E0}.Debug|Any CPU.ActiveCfg = Debug|Any CPU
		{A2A75088-625F-45BA-B72E-CB33E46190E0}.Debug|Any CPU.Build.0 = Debug|Any CPU
		{A2A75088-625F-45BA-B72E-CB33E46190E0}.Release|Any CPU.ActiveCfg = Release|Any CPU
		{A2A75088-625F-45BA-B72E-CB33E46190E0}.Release|Any CPU.Build.0 = Release|Any CPU
		{A2A75088-625F-45BA-B72E-CB33E46190E0}.Debug|iPhoneSimulator.ActiveCfg = Debug|Any CPU
		{A2A75088-625F-45BA-B72E-CB33E46190E0}.Debug|iPhoneSimulator.Build.0 = Debug|Any CPU
		{A2A75088-625F-45BA-B72E-CB33E46190E0}.Release|iPhoneSimulator.ActiveCfg = Release|Any CPU
		{A2A75088-625F-45BA-B72E-CB33E46190E0}.Release|iPhoneSimulator.Build.0 = Release|Any CPU
		{A2A75088-625F-45BA-B72E-CB33E46190E0}.Debug|iPhone.ActiveCfg = Debug|Any CPU
		{A2A75088-625F-45BA-B72E-CB33E46190E0}.Debug|iPhone.Build.0 = Debug|Any CPU
		{A2A75088-625F-45BA-B72E-CB33E46190E0}.Release|iPhone.ActiveCfg = Release|Any CPU
		{A2A75088-625F-45BA-B72E-CB33E46190E0}.Release|iPhone.Build.0 = Release|Any CPU
	EndGlobalSection
	GlobalSection(SolutionProperties) = preSolution
		HideSolutionNode = FALSE
	EndGlobalSection
	GlobalSection(ExtensibilityGlobals) = postSolution
		SolutionGuid = {BCC7DD1D-35A1-4108-9495-40224383E843}
	EndGlobalSection
EndGlobal
